
Microsoft Visual Studio Solution File, Format Version 12.00
# Visual Studio Version 16
VisualStudioVersion = 16.0.31105.61
MinimumVisualStudioVersion = 10.0.40219.1
Project("{FAE04EC0-301F-11D3-BF4B-00C04F79EFBC}") = "aplikacje WWW zad 5", "aplikacje WWW zad 5\aplikacje WWW zad 5.csproj", "{B4AC4519-BE69-48C5-AFAF-211BD001D2AB}"
EndProject
Global
	GlobalSection(SolutionConfigurationPlatforms) = preSolution
		Debug|Any CPU = Debug|Any CPU
		Release|Any CPU = Release|Any CPU
	EndGlobalSection
	GlobalSection(ProjectConfigurationPlatforms) = postSolution
		{B4AC4519-BE69-48C5-AFAF-211BD001D2AB}.Debug|Any CPU.ActiveCfg = Debug|Any CPU
		{B4AC4519-BE69-48C5-AFAF-211BD001D2AB}.Debug|Any CPU.Build.0 = Debug|Any CPU
		{B4AC4519-BE69-48C5-AFAF-211BD001D2AB}.Release|Any CPU.ActiveCfg = Release|Any CPU
		{B4AC4519-BE69-48C5-AFAF-211BD001D2AB}.Release|Any CPU.Build.0 = Release|Any CPU
	EndGlobalSection
	GlobalSection(SolutionProperties) = preSolution
		HideSolutionNode = FALSE
	EndGlobalSection
	GlobalSection(ExtensibilityGlobals) = postSolution
		SolutionGuid = {C7B163C9-402C-467E-B33E-A08B4F385C1B}
	EndGlobalSection
EndGlobal
